
Microsoft Visual Studio Solution File, Format Version 12.00
# Visual Studio Version 17
VisualStudioVersion = 17.6.33723.286
MinimumVisualStudioVersion = 10.0.40219.1
Project("{FAE04EC0-301F-11D3-BF4B-00C04F79EFBC}") = "ShopOnline.Web", "ShopOnline.Web\ShopOnline.Web.csproj", "{71286415-EFCE-4EAC-A2F1-1FF9351ED975}"
EndProject
Project("{FAE04EC0-301F-11D3-BF4B-00C04F79EFBC}") = "ShopOnline.Api", "ShopOnline.Api\ShopOnline.Api.csproj", "{C39ABF70-8D2E-42D8-8263-3F6B695BB1D1}"
EndProject
Global
	GlobalSection(SolutionConfigurationPlatforms) = preSolution
		Debug|Any CPU = Debug|Any CPU
		Release|Any CPU = Release|Any CPU
	EndGlobalSection
	GlobalSection(ProjectConfigurationPlatforms) = postSolution
		{71286415-EFCE-4EAC-A2F1-1FF9351ED975}.Debug|Any CPU.ActiveCfg = Debug|Any CPU
		{71286415-EFCE-4EAC-A2F1-1FF9351ED975}.Debug|Any CPU.Build.0 = Debug|Any CPU
		{71286415-EFCE-4EAC-A2F1-1FF9351ED975}.Release|Any CPU.ActiveCfg = Release|Any CPU
		{71286415-EFCE-4EAC-A2F1-1FF9351ED975}.Release|Any CPU.Build.0 = Release|Any CPU
		{C39ABF70-8D2E-42D8-8263-3F6B695BB1D1}.Debug|Any CPU.ActiveCfg = Debug|Any CPU
		{C39ABF70-8D2E-42D8-8263-3F6B695BB1D1}.Debug|Any CPU.Build.0 = Debug|Any CPU
		{C39ABF70-8D2E-42D8-8263-3F6B695BB1D1}.Release|Any CPU.ActiveCfg = Release|Any CPU
		{C39ABF70-8D2E-42D8-8263-3F6B695BB1D1}.Release|Any CPU.Build.0 = Release|Any CPU
	EndGlobalSection
	GlobalSection(SolutionProperties) = preSolution
		HideSolutionNode = FALSE
	EndGlobalSection
	GlobalSection(ExtensibilityGlobals) = postSolution
		SolutionGuid = {5F121901-6F77-4175-9543-F453F4C3504F}
	EndGlobalSection
EndGlobal
